Microsoft Visual Studio Solution File, Format Version 12.00
# Visual Studio Version 17
VisualStudioVersion = 17.14.36221.1
MinimumVisualStudioVersion = 10.0.40219.1
Project("{FAE04EC0-301F-11D3-BF4B-00C04F79EFBC}") = "CountryService.AppHost", "CountryService.AppHost\CountryService.AppHost.csproj", "{735A56E2-637B-4670-A781-B816839E5A0B}"
EndProject
Project("{FAE04EC0-301F-11D3-BF4B-00C04F79EFBC}") = "CountryService.ServiceDefaults", "CountryService.ServiceDefaults\CountryService.ServiceDefaults.csproj", "{2B0D2C02-4716-6239-4929-E70FB8B12A4E}"
EndProject
Project("{FAE04EC0-301F-11D3-BF4B-00C04F79EFBC}") = "CountryService.ApiService", "CountryService.ApiService\CountryService.ApiService.csproj", "{7C02CAAF-C25D-12F1-913E-4C47F0403791}"
EndProject
Project("{FAE04EC0-301F-11D3-BF4B-00C04F79EFBC}") = "CountryService.Tests", "CountryService.Tests\CountryService.Tests.csproj", "{849F5BEC-C849-EF00-B25F-5A0677039EAF}"
EndProject
Project("{FAE04EC0-301F-11D3-BF4B-00C04F79EFBC}") = "CountryService.DataAccess.SqlServer", "CountryService.DataAccess.SqlServer\CountryService.DataAccess.SqlServer.csproj", "{DBB36A9E-CA0F-4B93-938B-5E9C2AE69D08}"
EndProject
Project("{2150E333-8FDC-42A3-9474-1A3956D46DE8}") = "Solution Items", "Solution Items", "{8EC462FD-D22E-90A8-E5CE-7E832BA40C5D}"
	ProjectSection(SolutionItems) = preProject
		notes.txt = notes.txt
		README.md = README.md
	EndProjectSection
EndProject
Project("{FAE04EC0-301F-11D3-BF4B-00C04F79EFBC}") = "CountryService.DataAccess.Test", "CountryService.DataAccess.Test\CountryService.DataAccess.Test.csproj", "{BF6FBBDA-B478-48E6-8394-DA66A714DD71}"
EndProject
Project("{FAE04EC0-301F-11D3-BF4B-00C04F79EFBC}") = "CountryService.DataAccess", "CountryService.DataAccess\CountryService.DataAccess.csproj", "{E08FD424-9DFC-6A1E-83B9-017B61359CAA}"
EndProject
Global
	GlobalSection(SolutionConfigurationPlatforms) = preSolution
		Debug|Any CPU = Debug|Any CPU
		Release|Any CPU = Release|Any CPU
	EndGlobalSection
	GlobalSection(ProjectConfigurationPlatforms) = postSolution
		{735A56E2-637B-4670-A781-B816839E5A0B}.Debug|Any CPU.ActiveCfg = Debug|Any CPU
		{735A56E2-637B-4670-A781-B816839E5A0B}.Debug|Any CPU.Build.0 = Debug|Any CPU
		{735A56E2-637B-4670-A781-B816839E5A0B}.Release|Any CPU.ActiveCfg = Release|Any CPU
		{735A56E2-637B-4670-A781-B816839E5A0B}.Release|Any CPU.Build.0 = Release|Any CPU
		{2B0D2C02-4716-6239-4929-E70FB8B12A4E}.Debug|Any CPU.ActiveCfg = Debug|Any CPU
		{2B0D2C02-4716-6239-4929-E70FB8B12A4E}.Debug|Any CPU.Build.0 = Debug|Any CPU
		{2B0D2C02-4716-6239-4929-E70FB8B12A4E}.Release|Any CPU.ActiveCfg = Release|Any CPU
		{2B0D2C02-4716-6239-4929-E70FB8B12A4E}.Release|Any CPU.Build.0 = Release|Any CPU
		{7C02CAAF-C25D-12F1-913E-4C47F0403791}.Debug|Any CPU.ActiveCfg = Debug|Any CPU
		{7C02CAAF-C25D-12F1-913E-4C47F0403791}.Debug|Any CPU.Build.0 = Debug|Any CPU
		{7C02CAAF-C25D-12F1-913E-4C47F0403791}.Release|Any CPU.ActiveCfg = Release|Any CPU
		{7C02CAAF-C25D-12F1-913E-4C47F0403791}.Release|Any CPU.Build.0 = Release|Any CPU
		{849F5BEC-C849-EF00-B25F-5A0677039EAF}.Debug|Any CPU.ActiveCfg = Debug|Any CPU
		{849F5BEC-C849-EF00-B25F-5A0677039EAF}.Debug|Any CPU.Build.0 = Debug|Any CPU
		{849F5BEC-C849-EF00-B25F-5A0677039EAF}.Release|Any CPU.ActiveCfg = Release|Any CPU
		{849F5BEC-C849-EF00-B25F-5A0677039EAF}.Release|Any CPU.Build.0 = Release|Any CPU
		{DBB36A9E-CA0F-4B93-938B-5E9C2AE69D08}.Debug|Any CPU.ActiveCfg = Debug|Any CPU
		{DBB36A9E-CA0F-4B93-938B-5E9C2AE69D08}.Debug|Any CPU.Build.0 = Debug|Any CPU
		{DBB36A9E-CA0F-4B93-938B-5E9C2AE69D08}.Release|Any CPU.ActiveCfg = Release|Any CPU
		{DBB36A9E-CA0F-4B93-938B-5E9C2AE69D08}.Release|Any CPU.Build.0 = Release|Any CPU
		{BF6FBBDA-B478-48E6-8394-DA66A714DD71}.Debug|Any CPU.ActiveCfg = Debug|Any CPU
		{BF6FBBDA-B478-48E6-8394-DA66A714DD71}.Debug|Any CPU.Build.0 = Debug|Any CPU
		{BF6FBBDA-B478-48E6-8394-DA66A714DD71}.Release|Any CPU.ActiveCfg = Release|Any CPU
		{BF6FBBDA-B478-48E6-8394-DA66A714DD71}.Release|Any CPU.Build.0 = Release|Any CPU
		{E08FD424-9DFC-6A1E-83B9-017B61359CAA}.Debug|Any CPU.ActiveCfg = Debug|Any CPU
		{E08FD424-9DFC-6A1E-83B9-017B61359CAA}.Debug|Any CPU.Build.0 = Debug|Any CPU
		{E08FD424-9DFC-6A1E-83B9-017B61359CAA}.Release|Any CPU.ActiveCfg = Release|Any CPU
		{E08FD424-9DFC-6A1E-83B9-017B61359CAA}.Release|Any CPU.Build.0 = Release|Any CPU
	EndGlobalSection
	GlobalSection(SolutionProperties) = preSolution
		HideSolutionNode = FALSE
	EndGlobalSection
	GlobalSection(ExtensibilityGlobals) = postSolution
		SolutionGuid = {81A21886-61CA-422B-B243-39A80CDCF1A8}
	EndGlobalSection
EndGlobal
