Microsoft Visual Studio Solution File, Format Version 12.00
# Visual Studio Version 17
VisualStudioVersion = 17.14.36221.1
MinimumVisualStudioVersion = 10.0.40219.1
Project("{FAE04EC0-301F-11D3-BF4B-00C04F79EFBC}") = "CountryService.WebApi", "CountryService.WebApi\CountryService.WebApi.csproj", "{7C02CAAF-C25D-12F1-913E-4C47F0403791}"
EndProject
Project("{FAE04EC0-301F-11D3-BF4B-00C04F79EFBC}") = "CountryService.DataAccess.SqlServer", "CountryService.DataAccess.SqlServer\CountryService.DataAccess.SqlServer.csproj", "{DBB36A9E-CA0F-4B93-938B-5E9C2AE69D08}"
EndProject
Project("{2150E333-8FDC-42A3-9474-1A3956D46DE8}") = "Solution Items", "Solution Items", "{8EC462FD-D22E-90A8-E5CE-7E832BA40C5D}"
	ProjectSection(SolutionItems) = preProject
		notes.txt = notes.txt
		README.md = README.md
	EndProjectSection
EndProject
Project("{FAE04EC0-301F-11D3-BF4B-00C04F79EFBC}") = "CountryService.DataAccess.Test", "CountryService.DataAccess.Test\CountryService.DataAccess.Test.csproj", "{BF6FBBDA-B478-48E6-8394-DA66A714DD71}"
EndProject
Project("{FAE04EC0-301F-11D3-BF4B-00C04F79EFBC}") = "CountryService.DataAccess", "CountryService.DataAccess\CountryService.DataAccess.csproj", "{E08FD424-9DFC-6A1E-83B9-017B61359CAA}"
EndProject
Project("{2150E333-8FDC-42A3-9474-1A3956D46DE8}") = "sql", "sql", "{02EA681E-C7D8-13C7-8484-4AC65E1B71E8}"
EndProject
Project("{2150E333-8FDC-42A3-9474-1A3956D46DE8}") = "sql-server", "sql-server", "{5187D913-248B-4507-9736-0B6986BE0549}"
	ProjectSection(SolutionItems) = preProject
		sql\sql-server\create-database.sql = sql\sql-server\create-database.sql
		sql\sql-server\seed-database.sql = sql\sql-server\seed-database.sql
	EndProjectSection
EndProject
Project("{2150E333-8FDC-42A3-9474-1A3956D46DE8}") = "postgresql", "postgresql", "{AA5D9E76-C6A6-484B-8A8C-460DC8B5CA85}"
	ProjectSection(SolutionItems) = preProject
		sql\postgesql\create-database.sql = sql\postgesql\create-database.sql
		sql\postgesql\create-extensions.sql = sql\postgesql\create-extensions.sql
		sql\postgesql\create-tables.sql = sql\postgesql\create-tables.sql
		sql\postgesql\seed-database.sql = sql\postgesql\seed-database.sql
	EndProjectSection
EndProject
Project("{2150E333-8FDC-42A3-9474-1A3956D46DE8}") = "mysql", "mysql", "{0308A141-9B94-4719-B532-A5482C22B857}"
	ProjectSection(SolutionItems) = preProject
		sql\mysql\create-schema.sql = sql\mysql\create-schema.sql
		sql\mysql\create-tables.sql = sql\mysql\create-tables.sql
		sql\mysql\seed-database.sql = sql\mysql\seed-database.sql
	EndProjectSection
EndProject
Project("{FAE04EC0-301F-11D3-BF4B-00C04F79EFBC}") = "CountryService.DataAccess.PostgreSql", "CountryService.DataAccess.PostgreSql\CountryService.DataAccess.PostgreSql.csproj", "{A54C4F25-BC8F-B361-21C0-390D4785B8B7}"
EndProject
Project("{FAE04EC0-301F-11D3-BF4B-00C04F79EFBC}") = "CountryService.DataAccess.MySql", "CountryService.DataAccess.MySql\CountryService.DataAccess.MySql.csproj", "{17A96253-13D6-D8A8-540F-BEE3B926788E}"
EndProject
Global
	GlobalSection(SolutionConfigurationPlatforms) = preSolution
		Debug|Any CPU = Debug|Any CPU
		Release|Any CPU = Release|Any CPU
	EndGlobalSection
	GlobalSection(ProjectConfigurationPlatforms) = postSolution
		{7C02CAAF-C25D-12F1-913E-4C47F0403791}.Debug|Any CPU.ActiveCfg = Debug|Any CPU
		{7C02CAAF-C25D-12F1-913E-4C47F0403791}.Debug|Any CPU.Build.0 = Debug|Any CPU
		{7C02CAAF-C25D-12F1-913E-4C47F0403791}.Release|Any CPU.ActiveCfg = Release|Any CPU
		{7C02CAAF-C25D-12F1-913E-4C47F0403791}.Release|Any CPU.Build.0 = Release|Any CPU
		{DBB36A9E-CA0F-4B93-938B-5E9C2AE69D08}.Debug|Any CPU.ActiveCfg = Debug|Any CPU
		{DBB36A9E-CA0F-4B93-938B-5E9C2AE69D08}.Debug|Any CPU.Build.0 = Debug|Any CPU
		{DBB36A9E-CA0F-4B93-938B-5E9C2AE69D08}.Release|Any CPU.ActiveCfg = Release|Any CPU
		{DBB36A9E-CA0F-4B93-938B-5E9C2AE69D08}.Release|Any CPU.Build.0 = Release|Any CPU
		{BF6FBBDA-B478-48E6-8394-DA66A714DD71}.Debug|Any CPU.ActiveCfg = Debug|Any CPU
		{BF6FBBDA-B478-48E6-8394-DA66A714DD71}.Debug|Any CPU.Build.0 = Debug|Any CPU
		{BF6FBBDA-B478-48E6-8394-DA66A714DD71}.Release|Any CPU.ActiveCfg = Release|Any CPU
		{BF6FBBDA-B478-48E6-8394-DA66A714DD71}.Release|Any CPU.Build.0 = Release|Any CPU
		{E08FD424-9DFC-6A1E-83B9-017B61359CAA}.Debug|Any CPU.ActiveCfg = Debug|Any CPU
		{E08FD424-9DFC-6A1E-83B9-017B61359CAA}.Debug|Any CPU.Build.0 = Debug|Any CPU
		{E08FD424-9DFC-6A1E-83B9-017B61359CAA}.Release|Any CPU.ActiveCfg = Release|Any CPU
		{E08FD424-9DFC-6A1E-83B9-017B61359CAA}.Release|Any CPU.Build.0 = Release|Any CPU
		{A54C4F25-BC8F-B361-21C0-390D4785B8B7}.Debug|Any CPU.ActiveCfg = Debug|Any CPU
		{A54C4F25-BC8F-B361-21C0-390D4785B8B7}.Debug|Any CPU.Build.0 = Debug|Any CPU
		{A54C4F25-BC8F-B361-21C0-390D4785B8B7}.Release|Any CPU.ActiveCfg = Release|Any CPU
		{A54C4F25-BC8F-B361-21C0-390D4785B8B7}.Release|Any CPU.Build.0 = Release|Any CPU
		{17A96253-13D6-D8A8-540F-BEE3B926788E}.Debug|Any CPU.ActiveCfg = Debug|Any CPU
		{17A96253-13D6-D8A8-540F-BEE3B926788E}.Debug|Any CPU.Build.0 = Debug|Any CPU
		{17A96253-13D6-D8A8-540F-BEE3B926788E}.Release|Any CPU.ActiveCfg = Release|Any CPU
		{17A96253-13D6-D8A8-540F-BEE3B926788E}.Release|Any CPU.Build.0 = Release|Any CPU
	EndGlobalSection
	GlobalSection(SolutionProperties) = preSolution
		HideSolutionNode = FALSE
	EndGlobalSection
	GlobalSection(NestedProjects) = preSolution
		{02EA681E-C7D8-13C7-8484-4AC65E1B71E8} = {8EC462FD-D22E-90A8-E5CE-7E832BA40C5D}
		{5187D913-248B-4507-9736-0B6986BE0549} = {02EA681E-C7D8-13C7-8484-4AC65E1B71E8}
		{AA5D9E76-C6A6-484B-8A8C-460DC8B5CA85} = {02EA681E-C7D8-13C7-8484-4AC65E1B71E8}
		{0308A141-9B94-4719-B532-A5482C22B857} = {02EA681E-C7D8-13C7-8484-4AC65E1B71E8}
	EndGlobalSection
	GlobalSection(ExtensibilityGlobals) = postSolution
		SolutionGuid = {81A21886-61CA-422B-B243-39A80CDCF1A8}
	EndGlobalSection
EndGlobal
